{
  "name": "theatrecms",
  "version": "1.0.0",
  "lockfileVersion": 3,
  "requires": true,
  "packages": {
    "": {
      "name": "theatrecms",
      "version": "1.0.0",
      "license": "ISC",
      "dependencies": {
        "@editorjs/text-variant-tune": "github:editor-js/text-variant-tune"
      },
      "devDependencies": {
        "@calumk/editorjs-columns": "^0.3.2",
        "@editorjs/editorjs": "^2.31.5",
        "@editorjs/header": "^2.8.8",
        "@editorjs/image": "^2.10.3",
        "@editorjs/link": "^2.6.2",
        "@editorjs/list": "^2.0.9",
        "@editorjs/quote": "^2.7.6",
        "@editorjs/table": "^2.4.5",
        "@editorjs/underline": "^1.2.1",
        "@playwright/test": "^1.58.2",
        "@types/node": "^25.3.3",
        "typescript": "^5.9.3"
      }
    },
    "node_modules/@babel/runtime": {
      "version": "7.29.2",
      "resolved": "https://registry.npmjs.org/@babel/runtime/-/runtime-7.29.2.tgz",
      "integrity": "sha512-JiDShH45zKHWyGe4ZNVRrCjBz8Nh9TMmZG1kh4QTK8hCBTWBi8Da+i7s1fJw7/lYpM4ccepSNfqzZ/QvABBi5g==",
      "dev": true,
      "license": "MIT",
      "engines": {
        "node": ">=6.9.0"
      }
    },
    "node_modules/@calumk/editorjs-columns": {
      "version": "0.3.2",
      "resolved": "https://registry.npmjs.org/@calumk/editorjs-columns/-/editorjs-columns-0.3.2.tgz",
      "integrity": "sha512-/2dIbuy3Kip7eEt6Z+qGU2js93b7ZtJqVCFCiYdPKuqeYLZlUveueTHvlbOECtZ1sDxUFrVaKbm0wPOR1W0ntw==",
      "dev": true,
      "license": "MIT",
      "dependencies": {
        "@editorjs/editorjs": "^2.26.5",
        "sweetalert2": "^11.4.10",
        "uuid": "^8.3.2"
      }
    },
    "node_modules/@codexteam/icons": {
      "version": "0.0.5",
      "resolved": "https://registry.npmjs.org/@codexteam/icons/-/icons-0.0.5.tgz",
      "integrity": "sha512-s6H2KXhLz2rgbMZSkRm8dsMJvyUNZsEjxobBEg9ztdrb1B2H3pEzY6iTwI4XUPJWJ3c3qRKwV4TrO3J5jUdoQA==",
      "dev": true,
      "license": "MIT"
    },
    "node_modules/@editorjs/caret": {
      "version": "1.0.3",
      "resolved": "https://registry.npmjs.org/@editorjs/caret/-/caret-1.0.3.tgz",
      "integrity": "sha512-VmgwQJZgL/LQjk049JunzRV1YCa0vDi+BNEpbDmr5cp3lGZllq9QQFO1eI71ZPzvFVn3vvhb+eOif4sAEyGgbw==",
      "dev": true,
      "license": "MIT",
      "dependencies": {
        "@editorjs/dom": "^1.0.1"
      }
    },
    "node_modules/@editorjs/dom": {
      "version": "1.0.1",
      "resolved": "https://registry.npmjs.org/@editorjs/dom/-/dom-1.0.1.tgz",
      "integrity": "sha512-yLO+86MYOIUr1Jl7SQw23SYT84ggv6aJW0EIRsI3NTHYgnQzmK7Bt2n5ZFupQlB0GJqmKqA5tCue3NKQb+o7Pw==",
      "dev": true,
      "license": "MIT",
      "dependencies": {
        "@editorjs/helpers": "^1.0.1"
      }
    },
    "node_modules/@editorjs/editorjs": {
      "version": "2.31.5",
      "resolved": "https://registry.npmjs.org/@editorjs/editorjs/-/editorjs-2.31.5.tgz",
      "integrity": "sha512-pEwYE4HzE63DlSSCErV2foTak7Wp9fd7SGkG+WcwiYD0cPmuCowhEsqL+9MF4/ZIjc/KJzDEvhB3NC1B8gQkpQ==",
      "dev": true,
      "license": "Apache-2.0",
      "dependencies": {
        "@editorjs/caret": "^1.0.1",
        "codex-notifier": "^1.1.2",
        "codex-tooltip": "^1.0.5"
      }
    },
    "node_modules/@editorjs/header": {
      "version": "2.8.8",
      "resolved": "https://registry.npmjs.org/@editorjs/header/-/header-2.8.8.tgz",
      "integrity": "sha512-bsMSs34u2hoi0UBuRoc5EGWXIFzJiwYgkFUYQGVm63y5FU+s8zPBmVx5Ip2sw1xgs0fqfDROqmteMvvmbCy62w==",
      "dev": true,
      "license": "MIT",
      "dependencies": {
        "@codexteam/icons": "^0.0.5",
        "@editorjs/editorjs": "^2.29.1"
      }
    },
    "node_modules/@editorjs/helpers": {
      "version": "1.0.1",
      "resolved": "https://registry.npmjs.org/@editorjs/helpers/-/helpers-1.0.1.tgz",
      "integrity": "sha512-Lmr8ImoQvoROXtzhsIJsA1ZtXzH46DmE6O8hMjn9/AvQq62UfjREjn+Ewi6KxjIZMay2PsgDEbLlsVyNJGEaxw==",
      "dev": true,
      "license": "MIT"
    },
    "node_modules/@editorjs/image": {
      "version": "2.10.3",
      "resolved": "https://registry.npmjs.org/@editorjs/image/-/image-2.10.3.tgz",
      "integrity": "sha512-ekCsGICZOIdghF/U2T34H7CItqaWAoJDXbkRD+x8l/LIo/7Ozf7KovYm21qz+CluArgV4RurVFHqwlz+O0vfJA==",
      "dev": true,
      "license": "MIT",
      "dependencies": {
        "@codexteam/icons": "^0.3.0"
      }
    },
    "node_modules/@editorjs/image/node_modules/@codexteam/icons": {
      "version": "0.3.3",
      "resolved": "https://registry.npmjs.org/@codexteam/icons/-/icons-0.3.3.tgz",
      "integrity": "sha512-cp7mkZPgmBuSxigTm3Vb+DtVHYeX7qXfQd7o05vcLD8Ag5WvRlol2QSn5P10k0CDAJwmkH9nQGQLBycErS9lsQ==",
      "dev": true,
      "license": "MIT"
    },
    "node_modules/@editorjs/link": {
      "version": "2.6.2",
      "resolved": "https://registry.npmjs.org/@editorjs/link/-/link-2.6.2.tgz",
      "integrity": "sha512-3cPx6M4ZvwDDvsi0E0fvMR3rvveAV/C0GRo1JLeZJ9cG9QgyoNolj4eu5Eqx3/r1XTC/he54qYEIZ/Dc4Lr4Ow==",
      "dev": true,
      "license": "MIT",
      "dependencies": {
        "@babel/runtime": "^7.10.2",
        "@codexteam/icons": "^0.0.4"
      }
    },
    "node_modules/@editorjs/link/node_modules/@codexteam/icons": {
      "version": "0.0.4",
      "resolved": "https://registry.npmjs.org/@codexteam/icons/-/icons-0.0.4.tgz",
      "integrity": "sha512-V8N/TY2TGyas4wLrPIFq7bcow68b3gu8DfDt1+rrHPtXxcexadKauRJL6eQgfG7Z0LCrN4boLRawR4S9gjIh/Q==",
      "dev": true,
      "license": "MIT"
    },
    "node_modules/@editorjs/list": {
      "version": "2.0.9",
      "resolved": "https://registry.npmjs.org/@editorjs/list/-/list-2.0.9.tgz",
      "integrity": "sha512-rUTgDSt5wygD3Dp24bNyp6vvye/Xf4UWju0ZuvWeP13Z4cu2z1Jb5JFSTEhCou72XUGuf4xVhtsd8cm/bwUS1g==",
      "dev": true,
      "license": "MIT",
      "dependencies": {
        "@codexteam/icons": "^0.3.2"
      }
    },
    "node_modules/@editorjs/list/node_modules/@codexteam/icons": {
      "version": "0.3.3",
      "resolved": "https://registry.npmjs.org/@codexteam/icons/-/icons-0.3.3.tgz",
      "integrity": "sha512-cp7mkZPgmBuSxigTm3Vb+DtVHYeX7qXfQd7o05vcLD8Ag5WvRlol2QSn5P10k0CDAJwmkH9nQGQLBycErS9lsQ==",
      "dev": true,
      "license": "MIT"
    },
    "node_modules/@editorjs/quote": {
      "version": "2.7.6",
      "resolved": "https://registry.npmjs.org/@editorjs/quote/-/quote-2.7.6.tgz",
      "integrity": "sha512-D01KUMSDj2r+6Z+xjDkQqI+y6URpeHCvj0+P4pah+GtkG040lWjFb2H4pgHFXuol2cbfyAoraYSw85fuPheCvw==",
      "dev": true,
      "license": "MIT",
      "dependencies": {
        "@codexteam/icons": "^0.3.2",
        "@editorjs/dom": "^0.0.5"
      }
    },
    "node_modules/@editorjs/quote/node_modules/@codexteam/icons": {
      "version": "0.3.3",
      "resolved": "https://registry.npmjs.org/@codexteam/icons/-/icons-0.3.3.tgz",
      "integrity": "sha512-cp7mkZPgmBuSxigTm3Vb+DtVHYeX7qXfQd7o05vcLD8Ag5WvRlol2QSn5P10k0CDAJwmkH9nQGQLBycErS9lsQ==",
      "dev": true,
      "license": "MIT"
    },
    "node_modules/@editorjs/quote/node_modules/@editorjs/dom": {
      "version": "0.0.5",
      "resolved": "https://registry.npmjs.org/@editorjs/dom/-/dom-0.0.5.tgz",
      "integrity": "sha512-SZ78Gwpkp3EUhjBIp0lSojeQ35V9acF8SubJsMeOH/vlOUE40GOnvvwWZnF05lO7bIB0dOHhhJy4N7IIAWxP2w==",
      "dev": true,
      "license": "MIT",
      "dependencies": {
        "@editorjs/helpers": "^0.0.4"
      }
    },
    "node_modules/@editorjs/quote/node_modules/@editorjs/helpers": {
      "version": "0.0.4",
      "resolved": "https://registry.npmjs.org/@editorjs/helpers/-/helpers-0.0.4.tgz",
      "integrity": "sha512-ieg3dzo2m1/ELze/RMNADiAiC5amXxIlVXoJ5vvXITOu/p/dPsrF+Oi3h5gBYvtGk9vg5LJUSG5YWU0tBUO1tw==",
      "dev": true,
      "license": "MIT"
    },
    "node_modules/@editorjs/table": {
      "version": "2.4.5",
      "resolved": "https://registry.npmjs.org/@editorjs/table/-/table-2.4.5.tgz",
      "integrity": "sha512-pF48R2wc5m0c+N+RjtCLXBGZd23Rl7EjfSFpmcSViwNsu5RwMgYGrEiQ8mzVh98mbvYQwXm/NYBi9DEUUs970A==",
      "dev": true,
      "license": "MIT",
      "dependencies": {
        "@codexteam/icons": "^0.0.6"
      }
    },
    "node_modules/@editorjs/table/node_modules/@codexteam/icons": {
      "version": "0.0.6",
      "resolved": "https://registry.npmjs.org/@codexteam/icons/-/icons-0.0.6.tgz",
      "integrity": "sha512-L7Q5PET8PjKcBT5wp7VR+FCjwCi5PUp7rd/XjsgQ0CI5FJz0DphyHGRILMuDUdCW2MQT9NHbVr4QP31vwAkS/A==",
      "dev": true,
      "license": "MIT"
    },
    "node_modules/@editorjs/text-variant-tune": {
      "version": "1.0.3",
      "resolved": "git+ssh://git@github.com/editor-js/text-variant-tune.git#7f51a16d4ab46eff9364f09cea52e09518896d2a",
      "license": "MIT"
    },
    "node_modules/@editorjs/underline": {
      "version": "1.2.1",
      "resolved": "https://registry.npmjs.org/@editorjs/underline/-/underline-1.2.1.tgz",
      "integrity": "sha512-LjJ01ia6Pj0Z/elifycp9+T1bQs0eXNnIcEYKOlk0sGHLy88DPcBOh9oz1i+uWarZ4AjGsvSMaptpWe+yQNsjQ==",
      "dev": true,
      "license": "MIT",
      "dependencies": {
        "@codexteam/icons": "^0.3.2"
      }
    },
    "node_modules/@editorjs/underline/node_modules/@codexteam/icons": {
      "version": "0.3.3",
      "resolved": "https://registry.npmjs.org/@codexteam/icons/-/icons-0.3.3.tgz",
      "integrity": "sha512-cp7mkZPgmBuSxigTm3Vb+DtVHYeX7qXfQd7o05vcLD8Ag5WvRlol2QSn5P10k0CDAJwmkH9nQGQLBycErS9lsQ==",
      "dev": true,
      "license": "MIT"
    },
    "node_modules/@playwright/test": {
      "version": "1.58.2",
      "resolved": "https://registry.npmjs.org/@playwright/test/-/test-1.58.2.tgz",
      "integrity": "sha512-akea+6bHYBBfA9uQqSYmlJXn61cTa+jbO87xVLCWbTqbWadRVmhxlXATaOjOgcBaWU4ePo0wB41KMFv3o35IXA==",
      "dev": true,
      "license": "Apache-2.0",
      "dependencies": {
        "playwright": "1.58.2"
      },
      "bin": {
        "playwright": "cli.js"
      },
      "engines": {
        "node": ">=18"
      }
    },
    "node_modules/@types/node": {
      "version": "25.3.3",
      "resolved": "https://registry.npmjs.org/@types/node/-/node-25.3.3.tgz",
      "integrity": "sha512-DpzbrH7wIcBaJibpKo9nnSQL0MTRdnWttGyE5haGwK86xgMOkFLp7vEyfQPGLOJh5wNYiJ3V9PmUMDhV9u8kkQ==",
      "dev": true,
      "license": "MIT",
      "dependencies": {
        "undici-types": "~7.18.0"
      }
    },
    "node_modules/codex-notifier": {
      "version": "1.1.2",
      "resolved": "https://registry.npmjs.org/codex-notifier/-/codex-notifier-1.1.2.tgz",
      "integrity": "sha512-DCp6xe/LGueJ1N5sXEwcBc3r3PyVkEEDNWCVigfvywAkeXcZMk9K41a31tkEFBW0Ptlwji6/JlAb49E3Yrxbtg==",
      "dev": true,
      "license": "MIT"
    },
    "node_modules/codex-tooltip": {
      "version": "1.0.5",
      "resolved": "https://registry.npmjs.org/codex-tooltip/-/codex-tooltip-1.0.5.tgz",
      "integrity": "sha512-IuA8LeyLU5p1B+HyhOsqR6oxyFQ11k3i9e9aXw40CrHFTRO2Y1npNBVU3W1SvhKAbUU7R/YikUBdcYFP0RcJag==",
      "dev": true,
      "license": "MIT"
    },
    "node_modules/fsevents": {
      "version": "2.3.2",
      "resolved": "https://registry.npmjs.org/fsevents/-/fsevents-2.3.2.tgz",
      "integrity": "sha512-xiqMQR4xAeHTuB9uWm+fFRcIOgKBMiOBP+eXiyT7jsgVCq1bkVygt00oASowB7EdtpOHaaPgKt812P9ab+DDKA==",
      "dev": true,
      "hasInstallScript": true,
      "license": "MIT",
      "optional": true,
      "os": [
        "darwin"
      ],
      "engines": {
        "node": "^8.16.0 || ^10.6.0 || >=11.0.0"
      }
    },
    "node_modules/playwright": {
      "version": "1.58.2",
      "resolved": "https://registry.npmjs.org/playwright/-/playwright-1.58.2.tgz",
      "integrity": "sha512-vA30H8Nvkq/cPBnNw4Q8TWz1EJyqgpuinBcHET0YVJVFldr8JDNiU9LaWAE1KqSkRYazuaBhTpB5ZzShOezQ6A==",
      "dev": true,
      "license": "Apache-2.0",
      "dependencies": {
        "playwright-core": "1.58.2"
      },
      "bin": {
        "playwright": "cli.js"
      },
      "engines": {
        "node": ">=18"
      },
      "optionalDependencies": {
        "fsevents": "2.3.2"
      }
    },
    "node_modules/playwright-core": {
      "version": "1.58.2",
      "resolved": "https://registry.npmjs.org/playwright-core/-/playwright-core-1.58.2.tgz",
      "integrity": "sha512-yZkEtftgwS8CsfYo7nm0KE8jsvm6i/PTgVtB8DL726wNf6H2IMsDuxCpJj59KDaxCtSnrWan2AeDqM7JBaultg==",
      "dev": true,
      "license": "Apache-2.0",
      "bin": {
        "playwright-core": "cli.js"
      },
      "engines": {
        "node": ">=18"
      }
    },
    "node_modules/sweetalert2": {
      "version": "11.26.24",
      "resolved": "https://registry.npmjs.org/sweetalert2/-/sweetalert2-11.26.24.tgz",
      "integrity": "sha512-SLgukW4wicewpW5VOukSXY5Z6DL/z7HCOK2ODSjmQPiSphCN8gJAmh9npoceXOtBRNoDN0xIz+zHYthtfiHmjg==",
      "dev": true,
      "license": "MIT",
      "funding": {
        "type": "individual",
        "url": "https://github.com/sponsors/limonte"
      }
    },
    "node_modules/typescript": {
      "version": "5.9.3",
      "resolved": "https://registry.npmjs.org/typescript/-/typescript-5.9.3.tgz",
      "integrity": "sha512-jl1vZzPDinLr9eUt3J/t7V6FgNEw9QjvBPdysz9KfQDD41fQrC2Y4vKQdiaUpFT4bXlb1RHhLpp8wtm6M5TgSw==",
      "dev": true,
      "license": "Apache-2.0",
      "bin": {
        "tsc": "bin/tsc",
        "tsserver": "bin/tsserver"
      },
      "engines": {
        "node": ">=14.17"
      }
    },
    "node_modules/undici-types": {
      "version": "7.18.2",
      "resolved": "https://registry.npmjs.org/undici-types/-/undici-types-7.18.2.tgz",
      "integrity": "sha512-AsuCzffGHJybSaRrmr5eHr81mwJU3kjw6M+uprWvCXiNeN9SOGwQ3Jn8jb8m3Z6izVgknn1R0FTCEAP2QrLY/w==",
      "dev": true,
      "license": "MIT"
    },
    "node_modules/uuid": {
      "version": "8.3.2",
      "resolved": "https://registry.npmjs.org/uuid/-/uuid-8.3.2.tgz",
      "integrity": "sha512-+NYs2QeMWy+GWFOEm9xnn6HCDp0l7QBD7ml8zLUmJ+93Q5NF0NocErnwkTkXVFNiX3/fpC6afS8Dhb/gz7R7eg==",
      "dev": true,
      "license": "MIT",
      "bin": {
        "uuid": "dist/bin/uuid"
      }
    }
  }
}
